
Microsoft Visual Studio Solution File, Format Version 12.00
# Visual Studio Version 17
VisualStudioVersion = 17.0.31912.275
MinimumVisualStudioVersion = 10.0.40219.1
Project("{9A19103F-16F7-4668-BE54-9A1E7A4F7556}") = "Evento.Api", "Kurs Prog ASP.NET\Evento.Api.csproj", "{BC5B3FD2-D7A8-47E2-879B-1F9C22448913}"
EndProject
Project("{2150E333-8FDC-42A3-9474-1A3956D46DE8}") = "src", "src", "{1D689B23-61F1-4E7D-BC8E-E9BF9751080C}"
EndProject
Project("{9A19103F-16F7-4668-BE54-9A1E7A4F7556}") = "Evento.Core", "Evento.Core\Evento.Core.csproj", "{EE5914FE-B98E-44AC-806F-78EB22C63A45}"
EndProject
Project("{9A19103F-16F7-4668-BE54-9A1E7A4F7556}") = "Evento.Infrastructure", "Evento.Infrastructure\Evento.Infrastructure.csproj", "{B9DC15E9-D804-4E8A-B18E-659799F2CEDB}"
EndProject
Global
	GlobalSection(SolutionConfigurationPlatforms) = preSolution
		Debug|Any CPU = Debug|Any CPU
		Release|Any CPU = Release|Any CPU
	EndGlobalSection
	GlobalSection(ProjectConfigurationPlatforms) = postSolution
		{BC5B3FD2-D7A8-47E2-879B-1F9C22448913}.Debug|Any CPU.ActiveCfg = Debug|Any CPU
		{BC5B3FD2-D7A8-47E2-879B-1F9C22448913}.Debug|Any CPU.Build.0 = Debug|Any CPU
		{BC5B3FD2-D7A8-47E2-879B-1F9C22448913}.Release|Any CPU.ActiveCfg = Release|Any CPU
		{BC5B3FD2-D7A8-47E2-879B-1F9C22448913}.Release|Any CPU.Build.0 = Release|Any CPU
		{EE5914FE-B98E-44AC-806F-78EB22C63A45}.Debug|Any CPU.ActiveCfg = Debug|Any CPU
		{EE5914FE-B98E-44AC-806F-78EB22C63A45}.Debug|Any CPU.Build.0 = Debug|Any CPU
		{EE5914FE-B98E-44AC-806F-78EB22C63A45}.Release|Any CPU.ActiveCfg = Release|Any CPU
		{EE5914FE-B98E-44AC-806F-78EB22C63A45}.Release|Any CPU.Build.0 = Release|Any CPU
		{B9DC15E9-D804-4E8A-B18E-659799F2CEDB}.Debug|Any CPU.ActiveCfg = Debug|Any CPU
		{B9DC15E9-D804-4E8A-B18E-659799F2CEDB}.Debug|Any CPU.Build.0 = Debug|Any CPU
		{B9DC15E9-D804-4E8A-B18E-659799F2CEDB}.Release|Any CPU.ActiveCfg = Release|Any CPU
		{B9DC15E9-D804-4E8A-B18E-659799F2CEDB}.Release|Any CPU.Build.0 = Release|Any CPU
	EndGlobalSection
	GlobalSection(SolutionProperties) = preSolution
		HideSolutionNode = FALSE
	EndGlobalSection
	GlobalSection(NestedProjects) = preSolution
		{BC5B3FD2-D7A8-47E2-879B-1F9C22448913} = {1D689B23-61F1-4E7D-BC8E-E9BF9751080C}
		{EE5914FE-B98E-44AC-806F-78EB22C63A45} = {1D689B23-61F1-4E7D-BC8E-E9BF9751080C}
		{B9DC15E9-D804-4E8A-B18E-659799F2CEDB} = {1D689B23-61F1-4E7D-BC8E-E9BF9751080C}
	EndGlobalSection
	GlobalSection(ExtensibilityGlobals) = postSolution
		SolutionGuid = {270CC5A3-2AF7-4D81-8458-65A9C247B57D}
	EndGlobalSection
EndGlobal
