
Microsoft Visual Studio Solution File, Format Version 12.00
# Visual Studio Version 17
VisualStudioVersion = 17.1.32328.378
MinimumVisualStudioVersion = 10.0.40219.1
Project("{2150E333-8FDC-42A3-9474-1A3956D46DE8}") = "src", "src", "{CE155235-05C0-4072-9CDF-4990C64376CA}"
EndProject
Project("{FAE04EC0-301F-11D3-BF4B-00C04F79EFBC}") = "Application.Api", "src\Application.Api\Application.Api.csproj", "{CAA72891-3975-4E74-91EA-DB8531930B65}"
EndProject
Project("{FAE04EC0-301F-11D3-BF4B-00C04F79EFBC}") = "Application.Infrastructure", "src\Application.Infrastructure\Application.Infrastructure.csproj", "{DB8AE58D-B59D-4F81-944B-A0F481E25B40}"
EndProject
Project("{FAE04EC0-301F-11D3-BF4B-00C04F79EFBC}") = "Application.Core", "src\Application.Core\Application.Core.csproj", "{23A61D5F-0D5A-4454-B7D5-CA69F389A508}"
EndProject
Project("{FAE04EC0-301F-11D3-BF4B-00C04F79EFBC}") = "TestProject", "TestProject\TestProject.csproj", "{713A6634-282D-4E75-937A-17724E9CDE64}"
EndProject
Global
	GlobalSection(SolutionConfigurationPlatforms) = preSolution
		Debug|Any CPU = Debug|Any CPU
		Release|Any CPU = Release|Any CPU
	EndGlobalSection
	GlobalSection(ProjectConfigurationPlatforms) = postSolution
		{CAA72891-3975-4E74-91EA-DB8531930B65}.Debug|Any CPU.ActiveCfg = Debug|Any CPU
		{CAA72891-3975-4E74-91EA-DB8531930B65}.Debug|Any CPU.Build.0 = Debug|Any CPU
		{CAA72891-3975-4E74-91EA-DB8531930B65}.Release|Any CPU.ActiveCfg = Release|Any CPU
		{CAA72891-3975-4E74-91EA-DB8531930B65}.Release|Any CPU.Build.0 = Release|Any CPU
		{DB8AE58D-B59D-4F81-944B-A0F481E25B40}.Debug|Any CPU.ActiveCfg = Debug|Any CPU
		{DB8AE58D-B59D-4F81-944B-A0F481E25B40}.Debug|Any CPU.Build.0 = Debug|Any CPU
		{DB8AE58D-B59D-4F81-944B-A0F481E25B40}.Release|Any CPU.ActiveCfg = Release|Any CPU
		{DB8AE58D-B59D-4F81-944B-A0F481E25B40}.Release|Any CPU.Build.0 = Release|Any CPU
		{23A61D5F-0D5A-4454-B7D5-CA69F389A508}.Debug|Any CPU.ActiveCfg = Debug|Any CPU
		{23A61D5F-0D5A-4454-B7D5-CA69F389A508}.Debug|Any CPU.Build.0 = Debug|Any CPU
		{23A61D5F-0D5A-4454-B7D5-CA69F389A508}.Release|Any CPU.ActiveCfg = Release|Any CPU
		{23A61D5F-0D5A-4454-B7D5-CA69F389A508}.Release|Any CPU.Build.0 = Release|Any CPU
		{713A6634-282D-4E75-937A-17724E9CDE64}.Debug|Any CPU.ActiveCfg = Debug|Any CPU
		{713A6634-282D-4E75-937A-17724E9CDE64}.Debug|Any CPU.Build.0 = Debug|Any CPU
		{713A6634-282D-4E75-937A-17724E9CDE64}.Release|Any CPU.ActiveCfg = Release|Any CPU
		{713A6634-282D-4E75-937A-17724E9CDE64}.Release|Any CPU.Build.0 = Release|Any CPU
	EndGlobalSection
	GlobalSection(SolutionProperties) = preSolution
		HideSolutionNode = FALSE
	EndGlobalSection
	GlobalSection(NestedProjects) = preSolution
		{CAA72891-3975-4E74-91EA-DB8531930B65} = {CE155235-05C0-4072-9CDF-4990C64376CA}
		{DB8AE58D-B59D-4F81-944B-A0F481E25B40} = {CE155235-05C0-4072-9CDF-4990C64376CA}
		{23A61D5F-0D5A-4454-B7D5-CA69F389A508} = {CE155235-05C0-4072-9CDF-4990C64376CA}
	EndGlobalSection
	GlobalSection(ExtensibilityGlobals) = postSolution
		SolutionGuid = {998605CA-6710-4D9F-A386-F8D06029EA36}
	EndGlobalSection
EndGlobal
