
Microsoft Visual Studio Solution File, Format Version 12.00
# Visual Studio Version 16
VisualStudioVersion = 16.0.31205.134
MinimumVisualStudioVersion = 10.0.40219.1
Project("{9A19103F-16F7-4668-BE54-9A1E7A4F7556}") = "Zadanie5_WinForms", "Zadanie5_WinForms.csproj", "{58800153-0B1D-4581-8759-3CC7AC703F81}"
EndProject
Global
	GlobalSection(SolutionConfigurationPlatforms) = preSolution
		Debug|Any CPU = Debug|Any CPU
		Release|Any CPU = Release|Any CPU
	EndGlobalSection
	GlobalSection(ProjectConfigurationPlatforms) = postSolution
		{58800153-0B1D-4581-8759-3CC7AC703F81}.Debug|Any CPU.ActiveCfg = Debug|Any CPU
		{58800153-0B1D-4581-8759-3CC7AC703F81}.Debug|Any CPU.Build.0 = Debug|Any CPU
		{58800153-0B1D-4581-8759-3CC7AC703F81}.Release|Any CPU.ActiveCfg = Release|Any CPU
		{58800153-0B1D-4581-8759-3CC7AC703F81}.Release|Any CPU.Build.0 = Release|Any CPU
	EndGlobalSection
	GlobalSection(SolutionProperties) = preSolution
		HideSolutionNode = FALSE
	EndGlobalSection
	GlobalSection(ExtensibilityGlobals) = postSolution
		SolutionGuid = {AD37388E-C9DF-4D7C-B18E-C027DD44B8FE}
	EndGlobalSection
EndGlobal
