
Microsoft Visual Studio Solution File, Format Version 12.00
# Visual Studio Version 16
VisualStudioVersion = 16.0.31321.278
MinimumVisualStudioVersion = 10.0.40219.1
Project("{FAE04EC0-301F-11D3-BF4B-00C04F79EFBC}") = "Application", "Application\Application.csproj", "{8A7A7A96-2851-44AD-AF08-1A1B5AFD0C23}"
EndProject
Project("{FAE04EC0-301F-11D3-BF4B-00C04F79EFBC}") = "Domain", "Domain\Domain.csproj", "{DCA01662-FFC2-4D42-860E-BB38F1DACD7F}"
EndProject
Project("{FAE04EC0-301F-11D3-BF4B-00C04F79EFBC}") = "Infrastructure", "Infrastructure\Infrastructure.csproj", "{763E7687-488F-42D1-BDA0-2028F98C097E}"
EndProject
Project("{2150E333-8FDC-42A3-9474-1A3956D46DE8}") = "src", "src", "{4C4850DE-C925-408F-ABAC-5D4EFDA01607}"
EndProject
Project("{FAE04EC0-301F-11D3-BF4B-00C04F79EFBC}") = "WebAPI", "WebAPI\WebAPI.csproj", "{FB0B073D-08B7-48F6-9F1F-E638D7788075}"
EndProject
Global
	GlobalSection(SolutionConfigurationPlatforms) = preSolution
		Debug|Any CPU = Debug|Any CPU
		Release|Any CPU = Release|Any CPU
	EndGlobalSection
	GlobalSection(ProjectConfigurationPlatforms) = postSolution
		{8A7A7A96-2851-44AD-AF08-1A1B5AFD0C23}.Debug|Any CPU.ActiveCfg = Debug|Any CPU
		{8A7A7A96-2851-44AD-AF08-1A1B5AFD0C23}.Debug|Any CPU.Build.0 = Debug|Any CPU
		{8A7A7A96-2851-44AD-AF08-1A1B5AFD0C23}.Release|Any CPU.ActiveCfg = Release|Any CPU
		{8A7A7A96-2851-44AD-AF08-1A1B5AFD0C23}.Release|Any CPU.Build.0 = Release|Any CPU
		{DCA01662-FFC2-4D42-860E-BB38F1DACD7F}.Debug|Any CPU.ActiveCfg = Debug|Any CPU
		{DCA01662-FFC2-4D42-860E-BB38F1DACD7F}.Debug|Any CPU.Build.0 = Debug|Any CPU
		{DCA01662-FFC2-4D42-860E-BB38F1DACD7F}.Release|Any CPU.ActiveCfg = Release|Any CPU
		{DCA01662-FFC2-4D42-860E-BB38F1DACD7F}.Release|Any CPU.Build.0 = Release|Any CPU
		{763E7687-488F-42D1-BDA0-2028F98C097E}.Debug|Any CPU.ActiveCfg = Debug|Any CPU
		{763E7687-488F-42D1-BDA0-2028F98C097E}.Debug|Any CPU.Build.0 = Debug|Any CPU
		{763E7687-488F-42D1-BDA0-2028F98C097E}.Release|Any CPU.ActiveCfg = Release|Any CPU
		{763E7687-488F-42D1-BDA0-2028F98C097E}.Release|Any CPU.Build.0 = Release|Any CPU
		{FB0B073D-08B7-48F6-9F1F-E638D7788075}.Debug|Any CPU.ActiveCfg = Debug|Any CPU
		{FB0B073D-08B7-48F6-9F1F-E638D7788075}.Debug|Any CPU.Build.0 = Debug|Any CPU
		{FB0B073D-08B7-48F6-9F1F-E638D7788075}.Release|Any CPU.ActiveCfg = Release|Any CPU
		{FB0B073D-08B7-48F6-9F1F-E638D7788075}.Release|Any CPU.Build.0 = Release|Any CPU
	EndGlobalSection
	GlobalSection(SolutionProperties) = preSolution
		HideSolutionNode = FALSE
	EndGlobalSection
	GlobalSection(NestedProjects) = preSolution
		{8A7A7A96-2851-44AD-AF08-1A1B5AFD0C23} = {4C4850DE-C925-408F-ABAC-5D4EFDA01607}
		{DCA01662-FFC2-4D42-860E-BB38F1DACD7F} = {4C4850DE-C925-408F-ABAC-5D4EFDA01607}
		{763E7687-488F-42D1-BDA0-2028F98C097E} = {4C4850DE-C925-408F-ABAC-5D4EFDA01607}
		{FB0B073D-08B7-48F6-9F1F-E638D7788075} = {4C4850DE-C925-408F-ABAC-5D4EFDA01607}
	EndGlobalSection
	GlobalSection(ExtensibilityGlobals) = postSolution
		SolutionGuid = {2626F955-A6FA-4B3E-9F67-362AC93F6B46}
	EndGlobalSection
EndGlobal
