
Microsoft Visual Studio Solution File, Format Version 12.00
# Visual Studio Version 17
VisualStudioVersion = 17.1.32328.378
MinimumVisualStudioVersion = 10.0.40219.1
Project("{FAE04EC0-301F-11D3-BF4B-00C04F79EFBC}") = "C_recaptch", "C_recaptch\C_recaptch.csproj", "{747E3416-A09E-47E2-9B09-292137E98364}"
EndProject
Global
	GlobalSection(SolutionConfigurationPlatforms) = preSolution
		Debug|Any CPU = Debug|Any CPU
		Release|Any CPU = Release|Any CPU
	EndGlobalSection
	GlobalSection(ProjectConfigurationPlatforms) = postSolution
		{747E3416-A09E-47E2-9B09-292137E98364}.Debug|Any CPU.ActiveCfg = Debug|Any CPU
		{747E3416-A09E-47E2-9B09-292137E98364}.Debug|Any CPU.Build.0 = Debug|Any CPU
		{747E3416-A09E-47E2-9B09-292137E98364}.Release|Any CPU.ActiveCfg = Release|Any CPU
		{747E3416-A09E-47E2-9B09-292137E98364}.Release|Any CPU.Build.0 = Release|Any CPU
	EndGlobalSection
	GlobalSection(SolutionProperties) = preSolution
		HideSolutionNode = FALSE
	EndGlobalSection
	GlobalSection(ExtensibilityGlobals) = postSolution
		SolutionGuid = {5394E5A6-3BEA-49F2-8E8E-770CDF3718A9}
	EndGlobalSection
EndGlobal
